
Microsoft Visual Studio Solution File, Format Version 12.00
# Visual Studio Version 16
VisualStudioVersion = 16.0.29519.87
MinimumVisualStudioVersion = 10.0.40219.1
Project("{FAE04EC0-301F-11D3-BF4B-00C04F79EFBC}") = "Unit6.Android", "Unit6.Android\Unit6.Android.csproj", "{C7380F79-80B4-4EFD-99B7-6220E655CCE8}"
EndProject
Project("{FAE04EC0-301F-11D3-BF4B-00C04F79EFBC}") = "Unit6.iOS", "Unit6.iOS\Unit6.iOS.csproj", "{9482A105-28B2-4793-940F-C06B758D936A}"
EndProject
Project("{FAE04EC0-301F-11D3-BF4B-00C04F79EFBC}") = "Unit6", "Unit6\Unit6.csproj", "{5E9A47A2-0F83-4BCA-809D-9D17D0E97FE3}"
EndProject
Global
	GlobalSection(SolutionConfigurationPlatforms) = preSolution
		Debug|Any CPU = Debug|Any CPU
		Debug|iPhone = Debug|iPhone
		Debug|iPhoneSimulator = Debug|iPhoneSimulator
		Release|Any CPU = Release|Any CPU
		Release|iPhone = Release|iPhone
		Release|iPhoneSimulator = Release|iPhoneSimulator
	EndGlobalSection
	GlobalSection(ProjectConfigurationPlatforms) = postSolution
		{C7380F79-80B4-4EFD-99B7-6220E655CCE8}.Debug|Any CPU.ActiveCfg = Debug|Any CPU
		{C7380F79-80B4-4EFD-99B7-6220E655CCE8}.Debug|Any CPU.Build.0 = Debug|Any CPU
		{C7380F79-80B4-4EFD-99B7-6220E655CCE8}.Debug|Any CPU.Deploy.0 = Debug|Any CPU
		{C7380F79-80B4-4EFD-99B7-6220E655CCE8}.Debug|iPhone.ActiveCfg = Debug|Any CPU
		{C7380F79-80B4-4EFD-99B7-6220E655CCE8}.Debug|iPhone.Build.0 = Debug|Any CPU
		{C7380F79-80B4-4EFD-99B7-6220E655CCE8}.Debug|iPhone.Deploy.0 = Debug|Any CPU
		{C7380F79-80B4-4EFD-99B7-6220E655CCE8}.Debug|iPhoneSimulator.ActiveCfg = Debug|Any CPU
		{C7380F79-80B4-4EFD-99B7-6220E655CCE8}.Debug|iPhoneSimulator.Build.0 = Debug|Any CPU
		{C7380F79-80B4-4EFD-99B7-6220E655CCE8}.Debug|iPhoneSimulator.Deploy.0 = Debug|Any CPU
		{C7380F79-80B4-4EFD-99B7-6220E655CCE8}.Release|Any CPU.ActiveCfg = Release|Any CPU
		{C7380F79-80B4-4EFD-99B7-6220E655CCE8}.Release|Any CPU.Build.0 = Release|Any CPU
		{C7380F79-80B4-4EFD-99B7-6220E655CCE8}.Release|Any CPU.Deploy.0 = Release|Any CPU
		{C7380F79-80B4-4EFD-99B7-6220E655CCE8}.Release|iPhone.ActiveCfg = Release|Any CPU
		{C7380F79-80B4-4EFD-99B7-6220E655CCE8}.Release|iPhone.Build.0 = Release|Any CPU
		{C7380F79-80B4-4EFD-99B7-6220E655CCE8}.Release|iPhone.Deploy.0 = Release|Any CPU
		{C7380F79-80B4-4EFD-99B7-6220E655CCE8}.Release|iPhoneSimulator.ActiveCfg = Release|Any CPU
		{C7380F79-80B4-4EFD-99B7-6220E655CCE8}.Release|iPhoneSimulator.Build.0 = Release|Any CPU
		{C7380F79-80B4-4EFD-99B7-6220E655CCE8}.Release|iPhoneSimulator.Deploy.0 = Release|Any CPU
		{9482A105-28B2-4793-940F-C06B758D936A}.Debug|Any CPU.ActiveCfg = Debug|iPhoneSimulator
		{9482A105-28B2-4793-940F-C06B758D936A}.Debug|Any CPU.Build.0 = Debug|iPhoneSimulator
		{9482A105-28B2-4793-940F-C06B758D936A}.Debug|Any CPU.Deploy.0 = Debug|iPhoneSimulator
		{9482A105-28B2-4793-940F-C06B758D936A}.Debug|iPhone.ActiveCfg = Debug|iPhone
		{9482A105-28B2-4793-940F-C06B758D936A}.Debug|iPhone.Build.0 = Debug|iPhone
		{9482A105-28B2-4793-940F-C06B758D936A}.Debug|iPhone.Deploy.0 = Debug|iPhone
		{9482A105-28B2-4793-940F-C06B758D936A}.Debug|iPhoneSimulator.ActiveCfg = Debug|iPhoneSimulator
		{9482A105-28B2-4793-940F-C06B758D936A}.Debug|iPhoneSimulator.Build.0 = Debug|iPhoneSimulator
		{9482A105-28B2-4793-940F-C06B758D936A}.Debug|iPhoneSimulator.Deploy.0 = Debug|iPhoneSimulator
		{9482A105-28B2-4793-940F-C06B758D936A}.Release|Any CPU.ActiveCfg = Release|iPhone
		{9482A105-28B2-4793-940F-C06B758D936A}.Release|Any CPU.Build.0 = Release|iPhone
		{9482A105-28B2-4793-940F-C06B758D936A}.Release|Any CPU.Deploy.0 = Release|iPhone
		{9482A105-28B2-4793-940F-C06B758D936A}.Release|iPhone.ActiveCfg = Release|iPhone
		{9482A105-28B2-4793-940F-C06B758D936A}.Release|iPhone.Build.0 = Release|iPhone
		{9482A105-28B2-4793-940F-C06B758D936A}.Release|iPhone.Deploy.0 = Release|iPhone
		{9482A105-28B2-4793-940F-C06B758D936A}.Release|iPhoneSimulator.ActiveCfg = Release|iPhoneSimulator
		{9482A105-28B2-4793-940F-C06B758D936A}.Release|iPhoneSimulator.Build.0 = Release|iPhoneSimulator
		{9482A105-28B2-4793-940F-C06B758D936A}.Release|iPhoneSimulator.Deploy.0 = Release|iPhoneSimulator
		{5E9A47A2-0F83-4BCA-809D-9D17D0E97FE3}.Debug|Any CPU.ActiveCfg = Debug|Any CPU
		{5E9A47A2-0F83-4BCA-809D-9D17D0E97FE3}.Debug|Any CPU.Build.0 = Debug|Any CPU
		{5E9A47A2-0F83-4BCA-809D-9D17D0E97FE3}.Debug|Any CPU.Deploy.0 = Debug|Any CPU
		{5E9A47A2-0F83-4BCA-809D-9D17D0E97FE3}.Debug|iPhone.ActiveCfg = Debug|Any CPU
		{5E9A47A2-0F83-4BCA-809D-9D17D0E97FE3}.Debug|iPhone.Build.0 = Debug|Any CPU
		{5E9A47A2-0F83-4BCA-809D-9D17D0E97FE3}.Debug|iPhone.Deploy.0 = Debug|Any CPU
		{5E9A47A2-0F83-4BCA-809D-9D17D0E97FE3}.Debug|iPhoneSimulator.ActiveCfg = Debug|Any CPU
		{5E9A47A2-0F83-4BCA-809D-9D17D0E97FE3}.Debug|iPhoneSimulator.Build.0 = Debug|Any CPU
		{5E9A47A2-0F83-4BCA-809D-9D17D0E97FE3}.Debug|iPhoneSimulator.Deploy.0 = Debug|Any CPU
		{5E9A47A2-0F83-4BCA-809D-9D17D0E97FE3}.Release|Any CPU.ActiveCfg = Release|Any CPU
		{5E9A47A2-0F83-4BCA-809D-9D17D0E97FE3}.Release|Any CPU.Build.0 = Release|Any CPU
		{5E9A47A2-0F83-4BCA-809D-9D17D0E97FE3}.Release|Any CPU.Deploy.0 = Release|Any CPU
		{5E9A47A2-0F83-4BCA-809D-9D17D0E97FE3}.Release|iPhone.ActiveCfg = Release|Any CPU
		{5E9A47A2-0F83-4BCA-809D-9D17D0E97FE3}.Release|iPhone.Build.0 = Release|Any CPU
		{5E9A47A2-0F83-4BCA-809D-9D17D0E97FE3}.Release|iPhone.Deploy.0 = Release|Any CPU
		{5E9A47A2-0F83-4BCA-809D-9D17D0E97FE3}.Release|iPhoneSimulator.ActiveCfg = Release|Any CPU
		{5E9A47A2-0F83-4BCA-809D-9D17D0E97FE3}.Release|iPhoneSimulator.Build.0 = Release|Any CPU
		{5E9A47A2-0F83-4BCA-809D-9D17D0E97FE3}.Release|iPhoneSimulator.Deploy.0 = Release|Any CPU
	EndGlobalSection
	GlobalSection(SolutionProperties) = preSolution
		HideSolutionNode = FALSE
	EndGlobalSection
	GlobalSection(ExtensibilityGlobals) = postSolution
		SolutionGuid = {A1F042B6-BBE8-4A2D-A03C-12EEB5809D56}
	EndGlobalSection
EndGlobal
